<?xml version="1.0" encoding="UTF-8" standalone="yes" ?>
<CodeBlocks_project_file>
	<FileVersion major="1" minor="6" />
	<Project>
		<Option title="SystemClasses" />
		<Option pch_mode="2" />
		<Option compiler="gcc" />
		<Build>
			<Target title="Debug">
				<Option output="bin/Debug/dmpassystem" prefix_auto="1" extension_auto="1" />
				<Option working_dir="" />
				<Option object_output="obj/Debug/" />
				<Option type="2" />
				<Option compiler="gcc" />
				<Option createDefFile="1" />
				<Compiler>
					<Add option="-Wall" />
					<Add option="-g" />
				</Compiler>
			</Target>
			<Target title="Release">
				<Option output="bin/Release/dmpassystem" prefix_auto="1" extension_auto="1" />
				<Option working_dir="" />
				<Option object_output="obj/Release/" />
				<Option type="2" />
				<Option compiler="gcc" />
				<Option createDefFile="1" />
				<Compiler>
					<Add option="-Wall" />
					<Add option="-O2" />
				</Compiler>
				<Linker>
					<Add option="-s" />
				</Linker>
			</Target>
		</Build>
		<Compiler>
			<Add option="-std=c++11" />
			<Add directory="." />
		</Compiler>
		<Linker>
			<Add library="boost_filesystem" />
			<Add library="boost_system" />
		</Linker>
		<Unit filename="Classes.hpp" />
		<Unit filename="DynamicArray.hpp" />
		<Unit filename="Exception.hpp" />
		<Unit filename="String.cpp" />
		<Unit filename="String.hpp" />
		<Unit filename="SysInit.hpp" />
		<Unit filename="System.Classes.cpp" />
		<Unit filename="System.Classes.hpp" />
		<Unit filename="System.IOUtils.cpp" />
		<Unit filename="System.IOUtils.hpp" />
		<Unit filename="System.SysUtils.cpp" />
		<Unit filename="System.SysUtils.hpp" />
		<Unit filename="System.cpp" />
		<Unit filename="System.hpp" />
		<Unit filename="TFileStream.cpp" />
		<Unit filename="TFileStream.hpp" />
		<Unit filename="TMemoryStream.cpp" />
		<Unit filename="TMemoryStream.hpp" />
		<Unit filename="TStream.cpp" />
		<Unit filename="TStream.hpp" />
		<Unit filename="TStreamReader.cpp" />
		<Unit filename="TStreamReader.hpp" />
		<Unit filename="TStreamWriter.cpp" />
		<Unit filename="TStreamWriter.hpp" />
		<Unit filename="vcl.h" />
		<Extensions>
			<code_completion />
			<envvars />
			<lib_finder disable_auto="1" />
			<debugger />
		</Extensions>
	</Project>
</CodeBlocks_project_file>
