<?xml version="1.0" encoding="utf-8"?>
<Project ToolsVersion="4.0" xmlns="http://schemas.microsoft.com/developer/msbuild/2003">
  <ItemGroup>
    <Filter Include="Файлы исходного кода">
      <UniqueIdentifier>{4FC737F1-C7A5-4376-A066-2A32D752A2FF}</UniqueIdentifier>
      <Extensions>cpp;c;cc;cxx;def;odl;idl;hpj;bat;asm;asmx</Extensions>
    </Filter>
    <Filter Include="Заголовочные файлы">
      <UniqueIdentifier>{93995380-89BD-4b04-88EB-625FBE52EBFB}</UniqueIdentifier>
      <Extensions>h;hh;hpp;hxx;hm;inl;inc;xsd</Extensions>
    </Filter>
    <Filter Include="Файлы ресурсов">
      <UniqueIdentifier>{67DA6AB6-F800-4c08-8B7A-83BB121AAD01}</UniqueIdentifier>
      <Extensions>rc;ico;cur;bmp;dlg;rc2;rct;bin;rgs;gif;jpg;jpeg;jpe;resx;tiff;tif;png;wav;mfcribbon-ms</Extensions>
    </Filter>
  </ItemGroup>
  <ItemGroup>
    <ClInclude Include="Classes.hpp">
      <Filter>Заголовочные файлы</Filter>
    </ClInclude>
    <ClInclude Include="DynamicArray.hpp">
      <Filter>Заголовочные файлы</Filter>
    </ClInclude>
    <ClInclude Include="Exception.hpp">
      <Filter>Заголовочные файлы</Filter>
    </ClInclude>
    <ClInclude Include="String.hpp">
      <Filter>Заголовочные файлы</Filter>
    </ClInclude>
    <ClInclude Include="SysInit.hpp">
      <Filter>Заголовочные файлы</Filter>
    </ClInclude>
    <ClInclude Include="System.Classes.hpp">
      <Filter>Заголовочные файлы</Filter>
    </ClInclude>
    <ClInclude Include="System.hpp">
      <Filter>Заголовочные файлы</Filter>
    </ClInclude>
    <ClInclude Include="System.IOUtils.hpp">
      <Filter>Заголовочные файлы</Filter>
    </ClInclude>
    <ClInclude Include="System.SysUtils.hpp">
      <Filter>Заголовочные файлы</Filter>
    </ClInclude>
    <ClInclude Include="TFileStream.hpp">
      <Filter>Заголовочные файлы</Filter>
    </ClInclude>
    <ClInclude Include="TMemoryStream.hpp">
      <Filter>Заголовочные файлы</Filter>
    </ClInclude>
    <ClInclude Include="TStream.hpp">
      <Filter>Заголовочные файлы</Filter>
    </ClInclude>
    <ClInclude Include="TStreamReader.hpp">
      <Filter>Заголовочные файлы</Filter>
    </ClInclude>
    <ClInclude Include="TStreamWriter.hpp">
      <Filter>Заголовочные файлы</Filter>
    </ClInclude>
    <ClInclude Include="utf8.h">
      <Filter>Заголовочные файлы</Filter>
    </ClInclude>
    <ClInclude Include="vcl.h">
      <Filter>Заголовочные файлы</Filter>
    </ClInclude>
  </ItemGroup>
  <ItemGroup>
    <ClCompile Include="String.cpp">
      <Filter>Файлы исходного кода</Filter>
    </ClCompile>
    <ClCompile Include="System.Classes.cpp">
      <Filter>Файлы исходного кода</Filter>
    </ClCompile>
    <ClCompile Include="System.cpp">
      <Filter>Файлы исходного кода</Filter>
    </ClCompile>
    <ClCompile Include="System.IOUtils.cpp">
      <Filter>Файлы исходного кода</Filter>
    </ClCompile>
    <ClCompile Include="System.SysUtils.cpp">
      <Filter>Файлы исходного кода</Filter>
    </ClCompile>
    <ClCompile Include="TFileStream.cpp">
      <Filter>Файлы исходного кода</Filter>
    </ClCompile>
    <ClCompile Include="TMemoryStream.cpp">
      <Filter>Файлы исходного кода</Filter>
    </ClCompile>
    <ClCompile Include="TStream.cpp">
      <Filter>Файлы исходного кода</Filter>
    </ClCompile>
    <ClCompile Include="TStreamReader.cpp">
      <Filter>Файлы исходного кода</Filter>
    </ClCompile>
    <ClCompile Include="TStreamWriter.cpp">
      <Filter>Файлы исходного кода</Filter>
    </ClCompile>
  </ItemGroup>
</Project>