<?xml version="1.0" encoding="UTF-8" standalone="yes" ?>
<CodeBlocks_project_file>
	<FileVersion major="1" minor="6" />
	<Project>
		<Option title="сtool1cd" />
		<Option pch_mode="2" />
		<Option compiler="gcc" />
		<Build>
			<Target title="Debug">
				<Option output="bin/Debug/ctool1cd" prefix_auto="1" extension_auto="1" />
				<Option object_output="obj/Debug/" />
				<Option type="1" />
				<Option compiler="gcc" />
				<Compiler>
					<Add option="-g" />
				</Compiler>
			</Target>
			<Target title="Release">
				<Option output="bin/Release/ctool1cd" prefix_auto="1" extension_auto="1" />
				<Option object_output="obj/Release/" />
				<Option type="1" />
				<Option compiler="gcc" />
				<Compiler>
					<Add option="-O2" />
				</Compiler>
				<Linker>
					<Add option="-s" />
				</Linker>
			</Target>
		</Build>
		<Compiler>
			<Add option="-std=c++11" />
			<Add directory="../SystemClasses" />
<Add directory="../tool1cd" />
		</Compiler>
		<Linker>
			<Add library="dmpassystem" />
			<Add library="boost_regex" />
			<Add library="boost_filesystem" />
			<Add library="boost_system" />
			<Add library="z" />
			<Add directory="../SystemClasses/bin/Debug" />
<Add directory="../tool1cd/bin/Debug" />
		</Linker>
		<Unit filename="cTool_1CD_Main.cpp" />
		<Unit filename="cTool_1CD_Main.h" />
		<Extensions>
			<code_completion />
			<envvars />
			<lib_finder disable_auto="1">
				<lib name="zlib" />
			</lib_finder>
			<debugger />
		</Extensions>
	</Project>
</CodeBlocks_project_file>
