<?xml version="1.0" encoding="UTF-8" standalone="yes" ?>
<CodeBlocks_project_file>
	<FileVersion major="1" minor="6" />
	<Project>
		<Option title="tool1cd" />
		<Option pch_mode="2" />
		<Option compiler="gcc" />
		<Build>
			<Target title="Debug">
				<Option output="bin/Debug/ctool1cd" prefix_auto="1" extension_auto="1" />
				<Option object_output="obj/Debug/" />
				<Option type="1" />
				<Option compiler="gcc" />
				<Compiler>
					<Add option="-g" />
				</Compiler>
			</Target>
			<Target title="Release">
				<Option output="bin/Release/ctool1cd" prefix_auto="1" extension_auto="1" />
				<Option object_output="obj/Release/" />
				<Option type="1" />
				<Option compiler="gcc" />
				<Compiler>
					<Add option="-O2" />
				</Compiler>
				<Linker>
					<Add option="-s" />
				</Linker>
			</Target>
		</Build>
		<Compiler>
			<Add option="-std=c++11" />
			<Add option="-Dconsole" />
			<Add directory="../SystemClasses" />
			<Add directory="/usr/include" />
		</Compiler>
		<Linker>
			<Add library="dmpassystem" />
			<Add library="boost_regex" />
			<Add library="boost_filesystem" />
			<Add library="boost_system" />
			<Add library="z" />
			<Add directory="../SystemClasses/bin/Debug" />
		</Linker>
		<Unit filename="APIcfBase.cpp" />
		<Unit filename="APIcfBase.h" />
		<Unit filename="Base64.cpp" />
		<Unit filename="Base64.h" />
		<Unit filename="Class_1CD.cpp" />
		<Unit filename="Class_1CD.h" />
		<Unit filename="Common.cpp" />
		<Unit filename="Common.h" />
		<Unit filename="ConfigStorage.cpp" />
		<Unit filename="ConfigStorage.h" />
		<Unit filename="Constants.h" />
		<Unit filename="DTshkaPCH1.h" />
		<Unit filename="ErrorCode.h" />
		<Unit filename="Field.cpp" />
		<Unit filename="Field.h" />
		<Unit filename="Index.cpp" />
		<Unit filename="Index.h" />
		<Unit filename="MemBlock.cpp" />
		<Unit filename="MemBlock.h" />
		<Unit filename="MessageRegistration.cpp" />
		<Unit filename="MessageRegistration.h" />
		<Unit filename="Messenger.cpp" />
		<Unit filename="Messenger.h" />
		<Unit filename="NodeTypes.h" />
		<Unit filename="ParseCommandLine.cpp" />
		<Unit filename="ParseCommandLine.h" />
		<Unit filename="Parse_tree.cpp" />
		<Unit filename="Parse_tree.h" />
		<Unit filename="PrecompiledHeaders.h" />
		<Unit filename="Table.cpp" />
		<Unit filename="Table.h" />
		<Unit filename="TableFileStream.cpp" />
		<Unit filename="TableFileStream.h" />
		<Unit filename="TableFiles.cpp" />
		<Unit filename="TableFiles.h" />
		<Unit filename="TempStream.cpp" />
		<Unit filename="TempStream.h" />
		<Unit filename="UZLib.cpp" />
		<Unit filename="UZLib.h" />
		<Unit filename="V8Object.cpp" />
		<Unit filename="V8Object.h" />
		<Unit filename="Zip.cpp" />
		<Unit filename="Zip.h" />
		<Unit filename="cTool_1CD_Main.cpp" />
		<Unit filename="cTool_1CD_Main.h" />
		<Unit filename="cTool_1CD_PCH.h" />
		<Unit filename="db_ver.h" />
		<Unit filename="wcxhead.h" />
		<Extensions>
			<code_completion />
			<envvars />
			<lib_finder disable_auto="1">
				<lib name="zlib" />
			</lib_finder>
			<debugger />
		</Extensions>
	</Project>
</CodeBlocks_project_file>
